
Microsoft Visual Studio Solution File, Format Version 12.00
# Visual Studio Version 17
VisualStudioVersion = 17.8.34330.188
MinimumVisualStudioVersion = 10.0.40219.1
Project("{FAE04EC0-301F-11D3-BF4B-00C04F79EFBC}") = "AzureFunctionBlobReadWritePOC", "AzureFunctionBlobReadWritePOC\AzureFunctionBlobReadWritePOC.csproj", "{8B68F6D3-2AAC-46F3-ABFA-7A79B304623E}"
EndProject
Global
	GlobalSection(SolutionConfigurationPlatforms) = preSolution
		Debug|Any CPU = Debug|Any CPU
		Release|Any CPU = Release|Any CPU
	EndGlobalSection
	GlobalSection(ProjectConfigurationPlatforms) = postSolution
		{8B68F6D3-2AAC-46F3-ABFA-7A79B304623E}.Debug|Any CPU.ActiveCfg = Debug|Any CPU
		{8B68F6D3-2AAC-46F3-ABFA-7A79B304623E}.Debug|Any CPU.Build.0 = Debug|Any CPU
		{8B68F6D3-2AAC-46F3-ABFA-7A79B304623E}.Release|Any CPU.ActiveCfg = Release|Any CPU
		{8B68F6D3-2AAC-46F3-ABFA-7A79B304623E}.Release|Any CPU.Build.0 = Release|Any CPU
	EndGlobalSection
	GlobalSection(SolutionProperties) = preSolution
		HideSolutionNode = FALSE
	EndGlobalSection
	GlobalSection(ExtensibilityGlobals) = postSolution
		SolutionGuid = {96FCA10E-2962-48CA-8085-59C698491DEF}
	EndGlobalSection
EndGlobal
